{
    "name": "keyboard-backlight",
    "version": "2.0",
    "lockfileVersion": 2,
    "requires": true,
    "packages": {
        "": {
            "name": "keyboard-backlight",
            "version": "2.0",
            "dependencies": {
                "@gi-types/clutter": "^7.0",
                "@gi-types/gio": "^2.66",
                "@gi-types/glib": "^2.66",
                "@gi-types/gobject": "^2.66",
                "@gi-types/meta": "^3.38",
                "@gi-types/shell": "^0.1",
                "@gi-types/st": "^1.0",
                "typescript": "^5.0"
            },
            "devDependencies": {
                "json": "^11.0",
                "typedoc": "^0.24"
            }
        },
        "node_modules/@gi-types/atk": {
            "version": "2.36.7",
            "resolved": "https://registry.npmjs.org/@gi-types/atk/-/atk-2.36.7.tgz",
            "integrity": "sha512-PWR/EqgBgqehMfDr48fqvy77yGEKLwtqN0qKnKOtWqDm65LbImoAFydlMx5CUeyE/ZNcGDhQGLimQ0Rk6kVivw==",
            "dependencies": {
                "@gi-types/glib": "^2.66.9",
                "@gi-types/gobject": "^2.66.8"
            }
        },
        "node_modules/@gi-types/cairo": {
            "version": "1.0.3",
            "resolved": "https://registry.npmjs.org/@gi-types/cairo/-/cairo-1.0.3.tgz",
            "integrity": "sha512-IT4JbSYgMj2aJbx7Yy8nzHgga2vX5i5OHR2+vXKc9vg/wrnExHiSbacWbxO7CZdk6YBqpH/7cjOa4bkTmBN8tg==",
            "dependencies": {
                "@gi-types/gobject": "^2.66.8"
            }
        },
        "node_modules/@gi-types/cally": {
            "version": "7.0.3",
            "resolved": "https://registry.npmjs.org/@gi-types/cally/-/cally-7.0.3.tgz",
            "integrity": "sha512-mezisdoGvnewxncjpejrAa2XO0WIYsv+jD+olQu49cSU3BIBI9vmVMd1cmkngTGqombkd/2C9KwFMq1ZvEOhiQ==",
            "dependencies": {
                "@gi-types/atk": "^2.36.7",
                "@gi-types/clutter": "^7.0.6",
                "@gi-types/cogl": "^7.0.3",
                "@gi-types/coglpango": "^7.0.2",
                "@gi-types/gobject": "^2.66.8"
            }
        },
        "node_modules/@gi-types/clutter": {
            "version": "7.0.6",
            "resolved": "https://registry.npmjs.org/@gi-types/clutter/-/clutter-7.0.6.tgz",
            "integrity": "sha512-hLQ5K+wnq40B1VWFVJPtENw82at2SHHE1CN+BCagjO6L9PpAvO9sCV9uUSbl9K5zrzcfgxYdwFrXW5NP6wSKTg==",
            "dependencies": {
                "@gi-types/atk": "^2.36.7",
                "@gi-types/cairo": "^1.0.3",
                "@gi-types/cogl": "^7.0.3",
                "@gi-types/coglpango": "^7.0.2",
                "@gi-types/gio": "^2.66.9",
                "@gi-types/glib": "^2.66.9",
                "@gi-types/gobject": "^2.66.8",
                "@gi-types/graphene": "^1.0.1",
                "@gi-types/json": "^1.6.5",
                "@gi-types/pango": "^1.0.5"
            }
        },
        "node_modules/@gi-types/clutterx11": {
            "version": "7.0.2",
            "resolved": "https://registry.npmjs.org/@gi-types/clutterx11/-/clutterx11-7.0.2.tgz",
            "integrity": "sha512-xYJPu1tszpuEkfc6L28DBm2gsuC3pemfi8ixm41I/RI2iIHuhxGEV/PtyOIy2pSM1ZmdItbjRQWq7k0Jz5oggQ==",
            "dependencies": {
                "@gi-types/clutter": "^7.0.6",
                "@gi-types/cogl": "^7.0.3",
                "@gi-types/coglpango": "^7.0.2",
                "@gi-types/gobject": "^2.66.8"
            }
        },
        "node_modules/@gi-types/cogl": {
            "version": "7.0.3",
            "resolved": "https://registry.npmjs.org/@gi-types/cogl/-/cogl-7.0.3.tgz",
            "integrity": "sha512-yub8mzFnUvZfcBGCxeTS/mShT9pOWcx/FaVmBU+NCEdUlv6LwA+kaVeDJx9SjVFOIrybsJ06q7f/QedkQOfUQQ==",
            "dependencies": {
                "@gi-types/cairo": "^1.0.3",
                "@gi-types/glib": "^2.66.9",
                "@gi-types/gobject": "^2.66.8",
                "@gi-types/graphene": "^1.0.1"
            }
        },
        "node_modules/@gi-types/coglpango": {
            "version": "7.0.2",
            "resolved": "https://registry.npmjs.org/@gi-types/coglpango/-/coglpango-7.0.2.tgz",
            "integrity": "sha512-YH6lmMZeo5HU9mhekIKAtj1OCvK2D+l8hzr1NDz5UIxR1K3oAYqu3sMX1EI0dB24pxcn+mqq/J4xpMO50sCnJA==",
            "dependencies": {
                "@gi-types/cogl": "^7.0.3",
                "@gi-types/gobject": "^2.66.8",
                "@gi-types/pango": "^1.0.5"
            }
        },
        "node_modules/@gi-types/gck": {
            "version": "1.0.6",
            "resolved": "https://registry.npmjs.org/@gi-types/gck/-/gck-1.0.6.tgz",
            "integrity": "sha512-yjbVHprwZ6KE3B/JqMFgHJvAgULuSs0obEWMJFeSpXHgke5Vab8a2Gi0pXdwU5AHVD1rVxhNy/8dkRdiIucwoA==",
            "dependencies": {
                "@gi-types/gio": "^2.66.9",
                "@gi-types/glib": "^2.66.9",
                "@gi-types/gobject": "^2.66.8"
            }
        },
        "node_modules/@gi-types/gcr": {
            "version": "3.38.8",
            "resolved": "https://registry.npmjs.org/@gi-types/gcr/-/gcr-3.38.8.tgz",
            "integrity": "sha512-UuIStqiXrcXA9RmQZJ/T0K5WpFt5GtwVgLooSOVMflnn28ltx7gA0OVD/keUOjGqVPtubr102Jvzu+KNSGbDxQ==",
            "dependencies": {
                "@gi-types/gck": "^1.0.6",
                "@gi-types/gio": "^2.66.9",
                "@gi-types/glib": "^2.66.9",
                "@gi-types/gobject": "^2.66.9"
            }
        },
        "node_modules/@gi-types/gdesktopenums": {
            "version": "3.0.3",
            "resolved": "https://registry.npmjs.org/@gi-types/gdesktopenums/-/gdesktopenums-3.0.3.tgz",
            "integrity": "sha512-2Ng2uCCZcgASARPcIxapkTFrkM5std3ANUeW1pc4CJ4ZXLYgwSad8IQxJ4wB7hXkhZR9CYXmoA4KBmScjaHfyA==",
            "dependencies": {
                "@gi-types/gobject": "^2.66.8"
            }
        },
        "node_modules/@gi-types/gdk": {
            "version": "3.24.7",
            "resolved": "https://registry.npmjs.org/@gi-types/gdk/-/gdk-3.24.7.tgz",
            "integrity": "sha512-t50PlPeiqeNNQvXcKuso7/aiy1zm2zNtDgXZgcmtCfjk2u9m4m5gC4/kePzfYtSBqo15FZdv747ESRLC0zNk6Q==",
            "dependencies": {
                "@gi-types/cairo": "^1.0.3",
                "@gi-types/gdkpixbuf": "^2.0.5",
                "@gi-types/gio": "^2.66.9",
                "@gi-types/glib": "^2.66.9",
                "@gi-types/gobject": "^2.66.8",
                "@gi-types/pango": "^1.0.5"
            }
        },
        "node_modules/@gi-types/gdkpixbuf": {
            "version": "2.0.5",
            "resolved": "https://registry.npmjs.org/@gi-types/gdkpixbuf/-/gdkpixbuf-2.0.5.tgz",
            "integrity": "sha512-bLw6CFCbM0SNi30vkbupoVxE7T5hz+V6DQHLa1Sh0yYwm8OTQ8jYofZNTabfjBiTR3Z4dxtN65DkIpJoD+9fuQ==",
            "dependencies": {
                "@gi-types/gio": "^2.66.9",
                "@gi-types/glib": "^2.66.9",
                "@gi-types/gobject": "^2.66.8"
            }
        },
        "node_modules/@gi-types/gio": {
            "version": "2.66.9",
            "resolved": "https://registry.npmjs.org/@gi-types/gio/-/gio-2.66.9.tgz",
            "integrity": "sha512-hRqJqQSQ4jLjUSiS7XZ7pXvIdu/+ZuFvIGPqrLFXyYa+aTenHiYg/EaLR3iPbAzkvpyBLRZk7Pmgs0quoK+Vtg==",
            "dependencies": {
                "@gi-types/glib": "^2.66.9",
                "@gi-types/gobject": "^2.66.8"
            }
        },
        "node_modules/@gi-types/glib": {
            "version": "2.66.10",
            "resolved": "https://registry.npmjs.org/@gi-types/glib/-/glib-2.66.10.tgz",
            "integrity": "sha512-x34Y/xngzSS/BjA38/XpZjAzQqdWdUFtEVKsAGIMi4g+2ZES5QvBLkg/vNHwzSeoY/vUf+E/aZ3+6xQZFUzRjg==",
            "dependencies": {
                "@gi-types/gobject": "^2.66.9"
            }
        },
        "node_modules/@gi-types/gobject": {
            "version": "2.66.9",
            "resolved": "https://registry.npmjs.org/@gi-types/gobject/-/gobject-2.66.9.tgz",
            "integrity": "sha512-fr6a0W0UfLQiYYuQg4ZY+u4oFgC0QacjffbCBupiVHyC4NVDH2FbWiEVQEb0V52QmSEZTAfRyc/ZgmDzwpUXuw==",
            "dependencies": {
                "@gi-types/glib": "^2.66.9"
            }
        },
        "node_modules/@gi-types/graphene": {
            "version": "1.0.1",
            "resolved": "https://registry.npmjs.org/@gi-types/graphene/-/graphene-1.0.1.tgz",
            "integrity": "sha512-XWzEdAWdvsJH2ieraRhbXqyoFXXG2HP2P8amSpryBsXuWaiessnhsNKgB+pu93cgrW029nnYJMb6AUJodASMrw==",
            "dependencies": {
                "@gi-types/gobject": "^2.66.8"
            }
        },
        "node_modules/@gi-types/gtk": {
            "version": "3.24.9",
            "resolved": "https://registry.npmjs.org/@gi-types/gtk/-/gtk-3.24.9.tgz",
            "integrity": "sha512-U2LH7hKlIvPAvjVe0eQX8s6MDjYaFKCRpAGmwR3lIoBPIdvYOyy76odGY1suFKrepBa97iW6JMbEcv/0f2D98w==",
            "dependencies": {
                "@gi-types/atk": "^2.36.7",
                "@gi-types/cairo": "^1.0.3",
                "@gi-types/gdk": "^3.24.7",
                "@gi-types/gdkpixbuf": "^2.0.5",
                "@gi-types/gio": "^2.66.9",
                "@gi-types/glib": "^2.66.9",
                "@gi-types/gobject": "^2.66.9",
                "@gi-types/pango": "^1.0.5",
                "@gi-types/xlib": "^2.0.0"
            }
        },
        "node_modules/@gi-types/gvc": {
            "version": "1.0.2",
            "resolved": "https://registry.npmjs.org/@gi-types/gvc/-/gvc-1.0.2.tgz",
            "integrity": "sha512-u5QMX4nI6FJSvnc/Se0JObycRlMznTz6BlZ2CM84i9ePhL0K6vplM0UIeTfWDxJiwS+M9mofQnA10uWt8CZRhA==",
            "dependencies": {
                "@gi-types/gio": "^2.66.9",
                "@gi-types/gobject": "^2.66.8"
            }
        },
        "node_modules/@gi-types/harfbuzz": {
            "version": "0.0.0",
            "resolved": "https://registry.npmjs.org/@gi-types/harfbuzz/-/harfbuzz-0.0.0.tgz",
            "integrity": "sha512-pqhpLBN5aYl2P6yOPo0HCZTLmcTDiynGkEgfEq1yPwY0qhJpuEJYmaVUzwb7RrQrt7absVZP7ClhhO8TYiporw==",
            "dependencies": {
                "@gi-types/glib": "^2.66.9",
                "@gi-types/gobject": "^2.66.8"
            }
        },
        "node_modules/@gi-types/json": {
            "version": "1.6.6",
            "resolved": "https://registry.npmjs.org/@gi-types/json/-/json-1.6.6.tgz",
            "integrity": "sha512-YtnjubEVEmnGirOlcwNkwD9hftaOKuJv2t0HnNFXcHuBCZpD72Jt5iuUtyFFvF7cduVR/jAXh71fw5U3kMYB8g==",
            "dependencies": {
                "@gi-types/gio": "^2.66.9",
                "@gi-types/glib": "^2.66.9",
                "@gi-types/gobject": "^2.66.9"
            }
        },
        "node_modules/@gi-types/meta": {
            "version": "3.38.5",
            "resolved": "https://registry.npmjs.org/@gi-types/meta/-/meta-3.38.5.tgz",
            "integrity": "sha512-EzYGvZu58j/hDZv/zQX4ooL0Pq4TEP2Okhn0JlVmGpFIB65ZWOkCHQqj3LODdpp327+cWMNYkG5WHZXJAmtuZQ==",
            "dependencies": {
                "@gi-types/atk": "^2.36.7",
                "@gi-types/cairo": "^1.0.3",
                "@gi-types/clutter": "^7.0.6",
                "@gi-types/cogl": "^7.0.3",
                "@gi-types/coglpango": "^7.0.2",
                "@gi-types/gdesktopenums": "^3.0.3",
                "@gi-types/gdk": "^3.24.7",
                "@gi-types/gio": "^2.66.9",
                "@gi-types/glib": "^2.66.9",
                "@gi-types/gobject": "^2.66.8",
                "@gi-types/gtk": "^3.24.8",
                "@gi-types/json": "^1.6.5",
                "@gi-types/pango": "^1.0.5"
            }
        },
        "node_modules/@gi-types/nm": {
            "version": "1.28.9",
            "resolved": "https://registry.npmjs.org/@gi-types/nm/-/nm-1.28.9.tgz",
            "integrity": "sha512-sZd0HWWJ4aeXTrbnmTlN80jkjqdAohGhhAbtdfrlnIzrR76hROuXe+vxs1dn++FwV/67c1hQuxCERD3JyqEfnw==",
            "dependencies": {
                "@gi-types/gio": "^2.66.9",
                "@gi-types/glib": "^2.66.9",
                "@gi-types/gobject": "^2.66.8"
            }
        },
        "node_modules/@gi-types/pango": {
            "version": "1.0.5",
            "resolved": "https://registry.npmjs.org/@gi-types/pango/-/pango-1.0.5.tgz",
            "integrity": "sha512-FcDRuMaiYwczKcxE11ZErlOCcbBQX69d/u2hKFkhpZxQrZk0fBNTGLbwJ/7QwAoQw4RsrCzYSOZ4TX0phLPQQw==",
            "dependencies": {
                "@gi-types/cairo": "^1.0.3",
                "@gi-types/glib": "^2.66.9",
                "@gi-types/gobject": "^2.66.8",
                "@gi-types/harfbuzz": "^0.0.0"
            }
        },
        "node_modules/@gi-types/polkit": {
            "version": "1.0.6",
            "resolved": "https://registry.npmjs.org/@gi-types/polkit/-/polkit-1.0.6.tgz",
            "integrity": "sha512-l7FLcXXzN0ttWjRWIblHHhwZje+jzPdLbXKPNJtRmllBe2ISxVNU31Y+yxxdyXTO1JHr2R543isWEGu2yEmmAA==",
            "dependencies": {
                "@gi-types/gio": "^2.66.9",
                "@gi-types/glib": "^2.66.9",
                "@gi-types/gobject": "^2.66.8"
            }
        },
        "node_modules/@gi-types/polkitagent": {
            "version": "1.0.3",
            "resolved": "https://registry.npmjs.org/@gi-types/polkitagent/-/polkitagent-1.0.3.tgz",
            "integrity": "sha512-x/u0LmV6EC8TACtxlKMIqyAYEur0FRF5P//1wMrBjWdbD0pfBm+KxMvXNCIjs3pHJ1lAZRc9t7Lo4HE03ICPew==",
            "dependencies": {
                "@gi-types/gio": "^2.66.9",
                "@gi-types/glib": "^2.66.9",
                "@gi-types/gobject": "^2.66.8",
                "@gi-types/polkit": "^1.0.6"
            }
        },
        "node_modules/@gi-types/shell": {
            "version": "0.1.6",
            "resolved": "https://registry.npmjs.org/@gi-types/shell/-/shell-0.1.6.tgz",
            "integrity": "sha512-CFM3e4D02ZqVtOwE9PtPgp+qrxN25vNYXUKFrWj5BZtlrOnie1uC03+riu7f4zSpLfOW8BWX4KpZxycoH9AUbw==",
            "dependencies": {
                "@gi-types/atk": "^2.36.7",
                "@gi-types/cairo": "^1.0.3",
                "@gi-types/clutter": "^7.0.6",
                "@gi-types/clutterx11": "^7.0.2",
                "@gi-types/gcr": "^3.38.7",
                "@gi-types/gdkpixbuf": "^2.0.5",
                "@gi-types/gio": "^2.66.9",
                "@gi-types/glib": "^2.66.9",
                "@gi-types/gobject": "^2.66.8",
                "@gi-types/gtk": "^3.24.8",
                "@gi-types/gvc": "^1.0.2",
                "@gi-types/json": "^1.6.5",
                "@gi-types/meta": "^3.38.5",
                "@gi-types/nm": "^1.28.9",
                "@gi-types/polkitagent": "^1.0.3",
                "@gi-types/st": "^1.0.6"
            }
        },
        "node_modules/@gi-types/st": {
            "version": "1.0.6",
            "resolved": "https://registry.npmjs.org/@gi-types/st/-/st-1.0.6.tgz",
            "integrity": "sha512-xXFs7t19Jmy/GVC9CJFk8oByI546BZdGG/JXx+wN54YG8d+1nX3RiZ2nVNgp2y1gYhJDTcHBRZFnPs+7QUduoQ==",
            "dependencies": {
                "@gi-types/atk": "^2.36.7",
                "@gi-types/cairo": "^1.0.3",
                "@gi-types/cally": "^7.0.3",
                "@gi-types/clutter": "^7.0.6",
                "@gi-types/cogl": "^7.0.3",
                "@gi-types/gio": "^2.66.9",
                "@gi-types/glib": "^2.66.9",
                "@gi-types/gobject": "^2.66.8",
                "@gi-types/gtk": "^3.24.8",
                "@gi-types/json": "^1.6.5",
                "@gi-types/meta": "^3.38.5",
                "@gi-types/pango": "^1.0.5"
            }
        },
        "node_modules/@gi-types/xlib": {
            "version": "2.0.0",
            "resolved": "https://registry.npmjs.org/@gi-types/xlib/-/xlib-2.0.0.tgz",
            "integrity": "sha512-YHNrcCw/i8QX3sh5bZ+SN7xEDrmhKIqAoUh/JgiDyPqqH2du+BpQUZy/e0oM0AIZWPNFKgD5M5Bq0+1MvVS3IA==",
            "dependencies": {
                "@gi-types/gobject": "^2.66.9"
            }
        },
        "node_modules/ansi-sequence-parser": {
            "version": "1.1.0",
            "resolved": "https://registry.npmjs.org/ansi-sequence-parser/-/ansi-sequence-parser-1.1.0.tgz",
            "integrity": "sha512-lEm8mt52to2fT8GhciPCGeCXACSz2UwIN4X2e2LJSnZ5uAbn2/dsYdOmUXq0AtWS5cpAupysIneExOgH0Vd2TQ==",
            "dev": true
        },
        "node_modules/balanced-match": {
            "version": "1.0.2",
            "resolved": "https://registry.npmjs.org/balanced-match/-/balanced-match-1.0.2.tgz",
            "integrity": "sha512-3oSeUO0TMV67hN1AmbXsK4yaqU7tjiHlbxRDZOpH0KW9+CeX4bRAaX0Anxt0tx2MrpRpWwQaPwIlISEJhYU5Pw==",
            "dev": true
        },
        "node_modules/brace-expansion": {
            "version": "2.0.1",
            "resolved": "https://registry.npmjs.org/brace-expansion/-/brace-expansion-2.0.1.tgz",
            "integrity": "sha512-XnAIvQ8eM+kC6aULx6wuQiwVsnzsi9d3WxzV3FpWTGA19F621kwdbsAcFKXgKUHZWsy+mY6iL1sHTxWEFCytDA==",
            "dev": true,
            "dependencies": {
                "balanced-match": "^1.0.0"
            }
        },
        "node_modules/json": {
            "version": "11.0.0",
            "resolved": "https://registry.npmjs.org/json/-/json-11.0.0.tgz",
            "integrity": "sha512-N/ITv3Yw9Za8cGxuQqSqrq6RHnlaHWZkAFavcfpH/R52522c26EbihMxnY7A1chxfXJ4d+cEFIsyTgfi9GihrA==",
            "dev": true,
            "bin": {
                "json": "lib/json.js"
            },
            "engines": {
                "node": ">=0.10.0"
            }
        },
        "node_modules/jsonc-parser": {
            "version": "3.2.0",
            "resolved": "https://registry.npmjs.org/jsonc-parser/-/jsonc-parser-3.2.0.tgz",
            "integrity": "sha512-gfFQZrcTc8CnKXp6Y4/CBT3fTc0OVuDofpre4aEeEpSBPV5X5v4+Vmx+8snU7RLPrNHPKSgLxGo9YuQzz20o+w==",
            "dev": true
        },
        "node_modules/lunr": {
            "version": "2.3.9",
            "resolved": "https://registry.npmjs.org/lunr/-/lunr-2.3.9.tgz",
            "integrity": "sha512-zTU3DaZaF3Rt9rhN3uBMGQD3dD2/vFQqnvZCDv4dl5iOzq2IZQqTxu90r4E5J+nP70J3ilqVCrbho2eWaeW8Ow==",
            "dev": true
        },
        "node_modules/marked": {
            "version": "4.3.0",
            "resolved": "https://registry.npmjs.org/marked/-/marked-4.3.0.tgz",
            "integrity": "sha512-PRsaiG84bK+AMvxziE/lCFss8juXjNaWzVbN5tXAm4XjeaS9NAHhop+PjQxz2A9h8Q4M/xGmzP8vqNwy6JeK0A==",
            "dev": true,
            "bin": {
                "marked": "bin/marked.js"
            },
            "engines": {
                "node": ">= 12"
            }
        },
        "node_modules/minimatch": {
            "version": "9.0.0",
            "resolved": "https://registry.npmjs.org/minimatch/-/minimatch-9.0.0.tgz",
            "integrity": "sha512-0jJj8AvgKqWN05mrwuqi8QYKx1WmYSUoKSxu5Qhs9prezTz10sxAHGNZe9J9cqIJzta8DWsleh2KaVaLl6Ru2w==",
            "dev": true,
            "dependencies": {
                "brace-expansion": "^2.0.1"
            },
            "engines": {
                "node": ">=16 || 14 >=14.17"
            },
            "funding": {
                "url": "https://github.com/sponsors/isaacs"
            }
        },
        "node_modules/shiki": {
            "version": "0.14.1",
            "resolved": "https://registry.npmjs.org/shiki/-/shiki-0.14.1.tgz",
            "integrity": "sha512-+Jz4nBkCBe0mEDqo1eKRcCdjRtrCjozmcbTUjbPTX7OOJfEbTZzlUWlZtGe3Gb5oV1/jnojhG//YZc3rs9zSEw==",
            "dev": true,
            "dependencies": {
                "ansi-sequence-parser": "^1.1.0",
                "jsonc-parser": "^3.2.0",
                "vscode-oniguruma": "^1.7.0",
                "vscode-textmate": "^8.0.0"
            }
        },
        "node_modules/typedoc": {
            "version": "0.24.4",
            "resolved": "https://registry.npmjs.org/typedoc/-/typedoc-0.24.4.tgz",
            "integrity": "sha512-vQuliyGhJEGeKzzCFHbkS3m0gHoIL6cfr0fHf6eX658iGELtq2J9mWe0b+X5McEYgFoMuHFt5Py3Zug6Sxjn/Q==",
            "dev": true,
            "dependencies": {
                "lunr": "^2.3.9",
                "marked": "^4.3.0",
                "minimatch": "^9.0.0",
                "shiki": "^0.14.1"
            },
            "bin": {
                "typedoc": "bin/typedoc"
            },
            "engines": {
                "node": ">= 14.14"
            },
            "peerDependencies": {
                "typescript": "4.6.x || 4.7.x || 4.8.x || 4.9.x || 5.0.x"
            }
        },
        "node_modules/typescript": {
            "version": "5.0.4",
            "resolved": "https://registry.npmjs.org/typescript/-/typescript-5.0.4.tgz",
            "integrity": "sha512-cW9T5W9xY37cc+jfEnaUvX91foxtHkza3Nw3wkoF4sSlKn0MONdkdEndig/qPBWXNkmplh3NzayQzCiHM4/hqw==",
            "bin": {
                "tsc": "bin/tsc",
                "tsserver": "bin/tsserver"
            },
            "engines": {
                "node": ">=12.20"
            }
        },
        "node_modules/vscode-oniguruma": {
            "version": "1.7.0",
            "resolved": "https://registry.npmjs.org/vscode-oniguruma/-/vscode-oniguruma-1.7.0.tgz",
            "integrity": "sha512-L9WMGRfrjOhgHSdOYgCt/yRMsXzLDJSL7BPrOZt73gU0iWO4mpqzqQzOz5srxqTvMBaR0XZTSrVWo4j55Rc6cA==",
            "dev": true
        },
        "node_modules/vscode-textmate": {
            "version": "8.0.0",
            "resolved": "https://registry.npmjs.org/vscode-textmate/-/vscode-textmate-8.0.0.tgz",
            "integrity": "sha512-AFbieoL7a5LMqcnOF04ji+rpXadgOXnZsxQr//r83kLPr7biP7am3g9zbaZIaBGwBRWeSvoMD4mgPdX3e4NWBg==",
            "dev": true
        }
    },
    "dependencies": {
        "@gi-types/atk": {
            "version": "2.36.7",
            "resolved": "https://registry.npmjs.org/@gi-types/atk/-/atk-2.36.7.tgz",
            "integrity": "sha512-PWR/EqgBgqehMfDr48fqvy77yGEKLwtqN0qKnKOtWqDm65LbImoAFydlMx5CUeyE/ZNcGDhQGLimQ0Rk6kVivw==",
            "requires": {
                "@gi-types/glib": "^2.66.9",
                "@gi-types/gobject": "^2.66.8"
            }
        },
        "@gi-types/cairo": {
            "version": "1.0.3",
            "resolved": "https://registry.npmjs.org/@gi-types/cairo/-/cairo-1.0.3.tgz",
            "integrity": "sha512-IT4JbSYgMj2aJbx7Yy8nzHgga2vX5i5OHR2+vXKc9vg/wrnExHiSbacWbxO7CZdk6YBqpH/7cjOa4bkTmBN8tg==",
            "requires": {
                "@gi-types/gobject": "^2.66.8"
            }
        },
        "@gi-types/cally": {
            "version": "7.0.3",
            "resolved": "https://registry.npmjs.org/@gi-types/cally/-/cally-7.0.3.tgz",
            "integrity": "sha512-mezisdoGvnewxncjpejrAa2XO0WIYsv+jD+olQu49cSU3BIBI9vmVMd1cmkngTGqombkd/2C9KwFMq1ZvEOhiQ==",
            "requires": {
                "@gi-types/atk": "^2.36.7",
                "@gi-types/clutter": "^7.0.6",
                "@gi-types/cogl": "^7.0.3",
                "@gi-types/coglpango": "^7.0.2",
                "@gi-types/gobject": "^2.66.8"
            }
        },
        "@gi-types/clutter": {
            "version": "7.0.6",
            "resolved": "https://registry.npmjs.org/@gi-types/clutter/-/clutter-7.0.6.tgz",
            "integrity": "sha512-hLQ5K+wnq40B1VWFVJPtENw82at2SHHE1CN+BCagjO6L9PpAvO9sCV9uUSbl9K5zrzcfgxYdwFrXW5NP6wSKTg==",
            "requires": {
                "@gi-types/atk": "^2.36.7",
                "@gi-types/cairo": "^1.0.3",
                "@gi-types/cogl": "^7.0.3",
                "@gi-types/coglpango": "^7.0.2",
                "@gi-types/gio": "^2.66.9",
                "@gi-types/glib": "^2.66.9",
                "@gi-types/gobject": "^2.66.8",
                "@gi-types/graphene": "^1.0.1",
                "@gi-types/json": "^1.6.5",
                "@gi-types/pango": "^1.0.5"
            }
        },
        "@gi-types/clutterx11": {
            "version": "7.0.2",
            "resolved": "https://registry.npmjs.org/@gi-types/clutterx11/-/clutterx11-7.0.2.tgz",
            "integrity": "sha512-xYJPu1tszpuEkfc6L28DBm2gsuC3pemfi8ixm41I/RI2iIHuhxGEV/PtyOIy2pSM1ZmdItbjRQWq7k0Jz5oggQ==",
            "requires": {
                "@gi-types/clutter": "^7.0.6",
                "@gi-types/cogl": "^7.0.3",
                "@gi-types/coglpango": "^7.0.2",
                "@gi-types/gobject": "^2.66.8"
            }
        },
        "@gi-types/cogl": {
            "version": "7.0.3",
            "resolved": "https://registry.npmjs.org/@gi-types/cogl/-/cogl-7.0.3.tgz",
            "integrity": "sha512-yub8mzFnUvZfcBGCxeTS/mShT9pOWcx/FaVmBU+NCEdUlv6LwA+kaVeDJx9SjVFOIrybsJ06q7f/QedkQOfUQQ==",
            "requires": {
                "@gi-types/cairo": "^1.0.3",
                "@gi-types/glib": "^2.66.9",
                "@gi-types/gobject": "^2.66.8",
                "@gi-types/graphene": "^1.0.1"
            }
        },
        "@gi-types/coglpango": {
            "version": "7.0.2",
            "resolved": "https://registry.npmjs.org/@gi-types/coglpango/-/coglpango-7.0.2.tgz",
            "integrity": "sha512-YH6lmMZeo5HU9mhekIKAtj1OCvK2D+l8hzr1NDz5UIxR1K3oAYqu3sMX1EI0dB24pxcn+mqq/J4xpMO50sCnJA==",
            "requires": {
                "@gi-types/cogl": "^7.0.3",
                "@gi-types/gobject": "^2.66.8",
                "@gi-types/pango": "^1.0.5"
            }
        },
        "@gi-types/gck": {
            "version": "1.0.6",
            "resolved": "https://registry.npmjs.org/@gi-types/gck/-/gck-1.0.6.tgz",
            "integrity": "sha512-yjbVHprwZ6KE3B/JqMFgHJvAgULuSs0obEWMJFeSpXHgke5Vab8a2Gi0pXdwU5AHVD1rVxhNy/8dkRdiIucwoA==",
            "requires": {
                "@gi-types/gio": "^2.66.9",
                "@gi-types/glib": "^2.66.9",
                "@gi-types/gobject": "^2.66.8"
            }
        },
        "@gi-types/gcr": {
            "version": "3.38.8",
            "resolved": "https://registry.npmjs.org/@gi-types/gcr/-/gcr-3.38.8.tgz",
            "integrity": "sha512-UuIStqiXrcXA9RmQZJ/T0K5WpFt5GtwVgLooSOVMflnn28ltx7gA0OVD/keUOjGqVPtubr102Jvzu+KNSGbDxQ==",
            "requires": {
                "@gi-types/gck": "^1.0.6",
                "@gi-types/gio": "^2.66.9",
                "@gi-types/glib": "^2.66.9",
                "@gi-types/gobject": "^2.66.9"
            }
        },
        "@gi-types/gdesktopenums": {
            "version": "3.0.3",
            "resolved": "https://registry.npmjs.org/@gi-types/gdesktopenums/-/gdesktopenums-3.0.3.tgz",
            "integrity": "sha512-2Ng2uCCZcgASARPcIxapkTFrkM5std3ANUeW1pc4CJ4ZXLYgwSad8IQxJ4wB7hXkhZR9CYXmoA4KBmScjaHfyA==",
            "requires": {
                "@gi-types/gobject": "^2.66.8"
            }
        },
        "@gi-types/gdk": {
            "version": "3.24.7",
            "resolved": "https://registry.npmjs.org/@gi-types/gdk/-/gdk-3.24.7.tgz",
            "integrity": "sha512-t50PlPeiqeNNQvXcKuso7/aiy1zm2zNtDgXZgcmtCfjk2u9m4m5gC4/kePzfYtSBqo15FZdv747ESRLC0zNk6Q==",
            "requires": {
                "@gi-types/cairo": "^1.0.3",
                "@gi-types/gdkpixbuf": "^2.0.5",
                "@gi-types/gio": "^2.66.9",
                "@gi-types/glib": "^2.66.9",
                "@gi-types/gobject": "^2.66.8",
                "@gi-types/pango": "^1.0.5"
            }
        },
        "@gi-types/gdkpixbuf": {
            "version": "2.0.5",
            "resolved": "https://registry.npmjs.org/@gi-types/gdkpixbuf/-/gdkpixbuf-2.0.5.tgz",
            "integrity": "sha512-bLw6CFCbM0SNi30vkbupoVxE7T5hz+V6DQHLa1Sh0yYwm8OTQ8jYofZNTabfjBiTR3Z4dxtN65DkIpJoD+9fuQ==",
            "requires": {
                "@gi-types/gio": "^2.66.9",
                "@gi-types/glib": "^2.66.9",
                "@gi-types/gobject": "^2.66.8"
            }
        },
        "@gi-types/gio": {
            "version": "2.66.9",
            "resolved": "https://registry.npmjs.org/@gi-types/gio/-/gio-2.66.9.tgz",
            "integrity": "sha512-hRqJqQSQ4jLjUSiS7XZ7pXvIdu/+ZuFvIGPqrLFXyYa+aTenHiYg/EaLR3iPbAzkvpyBLRZk7Pmgs0quoK+Vtg==",
            "requires": {
                "@gi-types/glib": "^2.66.9",
                "@gi-types/gobject": "^2.66.8"
            }
        },
        "@gi-types/glib": {
            "version": "2.66.10",
            "resolved": "https://registry.npmjs.org/@gi-types/glib/-/glib-2.66.10.tgz",
            "integrity": "sha512-x34Y/xngzSS/BjA38/XpZjAzQqdWdUFtEVKsAGIMi4g+2ZES5QvBLkg/vNHwzSeoY/vUf+E/aZ3+6xQZFUzRjg==",
            "requires": {
                "@gi-types/gobject": "^2.66.9"
            }
        },
        "@gi-types/gobject": {
            "version": "2.66.9",
            "resolved": "https://registry.npmjs.org/@gi-types/gobject/-/gobject-2.66.9.tgz",
            "integrity": "sha512-fr6a0W0UfLQiYYuQg4ZY+u4oFgC0QacjffbCBupiVHyC4NVDH2FbWiEVQEb0V52QmSEZTAfRyc/ZgmDzwpUXuw==",
            "requires": {
                "@gi-types/glib": "^2.66.9"
            }
        },
        "@gi-types/graphene": {
            "version": "1.0.1",
            "resolved": "https://registry.npmjs.org/@gi-types/graphene/-/graphene-1.0.1.tgz",
            "integrity": "sha512-XWzEdAWdvsJH2ieraRhbXqyoFXXG2HP2P8amSpryBsXuWaiessnhsNKgB+pu93cgrW029nnYJMb6AUJodASMrw==",
            "requires": {
                "@gi-types/gobject": "^2.66.8"
            }
        },
        "@gi-types/gtk": {
            "version": "3.24.9",
            "resolved": "https://registry.npmjs.org/@gi-types/gtk/-/gtk-3.24.9.tgz",
            "integrity": "sha512-U2LH7hKlIvPAvjVe0eQX8s6MDjYaFKCRpAGmwR3lIoBPIdvYOyy76odGY1suFKrepBa97iW6JMbEcv/0f2D98w==",
            "requires": {
                "@gi-types/atk": "^2.36.7",
                "@gi-types/cairo": "^1.0.3",
                "@gi-types/gdk": "^3.24.7",
                "@gi-types/gdkpixbuf": "^2.0.5",
                "@gi-types/gio": "^2.66.9",
                "@gi-types/glib": "^2.66.9",
                "@gi-types/gobject": "^2.66.9",
                "@gi-types/pango": "^1.0.5",
                "@gi-types/xlib": "^2.0.0"
            }
        },
        "@gi-types/gvc": {
            "version": "1.0.2",
            "resolved": "https://registry.npmjs.org/@gi-types/gvc/-/gvc-1.0.2.tgz",
            "integrity": "sha512-u5QMX4nI6FJSvnc/Se0JObycRlMznTz6BlZ2CM84i9ePhL0K6vplM0UIeTfWDxJiwS+M9mofQnA10uWt8CZRhA==",
            "requires": {
                "@gi-types/gio": "^2.66.9",
                "@gi-types/gobject": "^2.66.8"
            }
        },
        "@gi-types/harfbuzz": {
            "version": "0.0.0",
            "resolved": "https://registry.npmjs.org/@gi-types/harfbuzz/-/harfbuzz-0.0.0.tgz",
            "integrity": "sha512-pqhpLBN5aYl2P6yOPo0HCZTLmcTDiynGkEgfEq1yPwY0qhJpuEJYmaVUzwb7RrQrt7absVZP7ClhhO8TYiporw==",
            "requires": {
                "@gi-types/glib": "^2.66.9",
                "@gi-types/gobject": "^2.66.8"
            }
        },
        "@gi-types/json": {
            "version": "1.6.6",
            "resolved": "https://registry.npmjs.org/@gi-types/json/-/json-1.6.6.tgz",
            "integrity": "sha512-YtnjubEVEmnGirOlcwNkwD9hftaOKuJv2t0HnNFXcHuBCZpD72Jt5iuUtyFFvF7cduVR/jAXh71fw5U3kMYB8g==",
            "requires": {
                "@gi-types/gio": "^2.66.9",
                "@gi-types/glib": "^2.66.9",
                "@gi-types/gobject": "^2.66.9"
            }
        },
        "@gi-types/meta": {
            "version": "3.38.5",
            "resolved": "https://registry.npmjs.org/@gi-types/meta/-/meta-3.38.5.tgz",
            "integrity": "sha512-EzYGvZu58j/hDZv/zQX4ooL0Pq4TEP2Okhn0JlVmGpFIB65ZWOkCHQqj3LODdpp327+cWMNYkG5WHZXJAmtuZQ==",
            "requires": {
                "@gi-types/atk": "^2.36.7",
                "@gi-types/cairo": "^1.0.3",
                "@gi-types/clutter": "^7.0.6",
                "@gi-types/cogl": "^7.0.3",
                "@gi-types/coglpango": "^7.0.2",
                "@gi-types/gdesktopenums": "^3.0.3",
                "@gi-types/gdk": "^3.24.7",
                "@gi-types/gio": "^2.66.9",
                "@gi-types/glib": "^2.66.9",
                "@gi-types/gobject": "^2.66.8",
                "@gi-types/gtk": "^3.24.8",
                "@gi-types/json": "^1.6.5",
                "@gi-types/pango": "^1.0.5"
            }
        },
        "@gi-types/nm": {
            "version": "1.28.9",
            "resolved": "https://registry.npmjs.org/@gi-types/nm/-/nm-1.28.9.tgz",
            "integrity": "sha512-sZd0HWWJ4aeXTrbnmTlN80jkjqdAohGhhAbtdfrlnIzrR76hROuXe+vxs1dn++FwV/67c1hQuxCERD3JyqEfnw==",
            "requires": {
                "@gi-types/gio": "^2.66.9",
                "@gi-types/glib": "^2.66.9",
                "@gi-types/gobject": "^2.66.8"
            }
        },
        "@gi-types/pango": {
            "version": "1.0.5",
            "resolved": "https://registry.npmjs.org/@gi-types/pango/-/pango-1.0.5.tgz",
            "integrity": "sha512-FcDRuMaiYwczKcxE11ZErlOCcbBQX69d/u2hKFkhpZxQrZk0fBNTGLbwJ/7QwAoQw4RsrCzYSOZ4TX0phLPQQw==",
            "requires": {
                "@gi-types/cairo": "^1.0.3",
                "@gi-types/glib": "^2.66.9",
                "@gi-types/gobject": "^2.66.8",
                "@gi-types/harfbuzz": "^0.0.0"
            }
        },
        "@gi-types/polkit": {
            "version": "1.0.6",
            "resolved": "https://registry.npmjs.org/@gi-types/polkit/-/polkit-1.0.6.tgz",
            "integrity": "sha512-l7FLcXXzN0ttWjRWIblHHhwZje+jzPdLbXKPNJtRmllBe2ISxVNU31Y+yxxdyXTO1JHr2R543isWEGu2yEmmAA==",
            "requires": {
                "@gi-types/gio": "^2.66.9",
                "@gi-types/glib": "^2.66.9",
                "@gi-types/gobject": "^2.66.8"
            }
        },
        "@gi-types/polkitagent": {
            "version": "1.0.3",
            "resolved": "https://registry.npmjs.org/@gi-types/polkitagent/-/polkitagent-1.0.3.tgz",
            "integrity": "sha512-x/u0LmV6EC8TACtxlKMIqyAYEur0FRF5P//1wMrBjWdbD0pfBm+KxMvXNCIjs3pHJ1lAZRc9t7Lo4HE03ICPew==",
            "requires": {
                "@gi-types/gio": "^2.66.9",
                "@gi-types/glib": "^2.66.9",
                "@gi-types/gobject": "^2.66.8",
                "@gi-types/polkit": "^1.0.6"
            }
        },
        "@gi-types/shell": {
            "version": "0.1.6",
            "resolved": "https://registry.npmjs.org/@gi-types/shell/-/shell-0.1.6.tgz",
            "integrity": "sha512-CFM3e4D02ZqVtOwE9PtPgp+qrxN25vNYXUKFrWj5BZtlrOnie1uC03+riu7f4zSpLfOW8BWX4KpZxycoH9AUbw==",
            "requires": {
                "@gi-types/atk": "^2.36.7",
                "@gi-types/cairo": "^1.0.3",
                "@gi-types/clutter": "^7.0.6",
                "@gi-types/clutterx11": "^7.0.2",
                "@gi-types/gcr": "^3.38.7",
                "@gi-types/gdkpixbuf": "^2.0.5",
                "@gi-types/gio": "^2.66.9",
                "@gi-types/glib": "^2.66.9",
                "@gi-types/gobject": "^2.66.8",
                "@gi-types/gtk": "^3.24.8",
                "@gi-types/gvc": "^1.0.2",
                "@gi-types/json": "^1.6.5",
                "@gi-types/meta": "^3.38.5",
                "@gi-types/nm": "^1.28.9",
                "@gi-types/polkitagent": "^1.0.3",
                "@gi-types/st": "^1.0.6"
            }
        },
        "@gi-types/st": {
            "version": "1.0.6",
            "resolved": "https://registry.npmjs.org/@gi-types/st/-/st-1.0.6.tgz",
            "integrity": "sha512-xXFs7t19Jmy/GVC9CJFk8oByI546BZdGG/JXx+wN54YG8d+1nX3RiZ2nVNgp2y1gYhJDTcHBRZFnPs+7QUduoQ==",
            "requires": {
                "@gi-types/atk": "^2.36.7",
                "@gi-types/cairo": "^1.0.3",
                "@gi-types/cally": "^7.0.3",
                "@gi-types/clutter": "^7.0.6",
                "@gi-types/cogl": "^7.0.3",
                "@gi-types/gio": "^2.66.9",
                "@gi-types/glib": "^2.66.9",
                "@gi-types/gobject": "^2.66.8",
                "@gi-types/gtk": "^3.24.8",
                "@gi-types/json": "^1.6.5",
                "@gi-types/meta": "^3.38.5",
                "@gi-types/pango": "^1.0.5"
            }
        },
        "@gi-types/xlib": {
            "version": "2.0.0",
            "resolved": "https://registry.npmjs.org/@gi-types/xlib/-/xlib-2.0.0.tgz",
            "integrity": "sha512-YHNrcCw/i8QX3sh5bZ+SN7xEDrmhKIqAoUh/JgiDyPqqH2du+BpQUZy/e0oM0AIZWPNFKgD5M5Bq0+1MvVS3IA==",
            "requires": {
                "@gi-types/gobject": "^2.66.9"
            }
        },
        "ansi-sequence-parser": {
            "version": "1.1.0",
            "resolved": "https://registry.npmjs.org/ansi-sequence-parser/-/ansi-sequence-parser-1.1.0.tgz",
            "integrity": "sha512-lEm8mt52to2fT8GhciPCGeCXACSz2UwIN4X2e2LJSnZ5uAbn2/dsYdOmUXq0AtWS5cpAupysIneExOgH0Vd2TQ==",
            "dev": true
        },
        "balanced-match": {
            "version": "1.0.2",
            "resolved": "https://registry.npmjs.org/balanced-match/-/balanced-match-1.0.2.tgz",
            "integrity": "sha512-3oSeUO0TMV67hN1AmbXsK4yaqU7tjiHlbxRDZOpH0KW9+CeX4bRAaX0Anxt0tx2MrpRpWwQaPwIlISEJhYU5Pw==",
            "dev": true
        },
        "brace-expansion": {
            "version": "2.0.1",
            "resolved": "https://registry.npmjs.org/brace-expansion/-/brace-expansion-2.0.1.tgz",
            "integrity": "sha512-XnAIvQ8eM+kC6aULx6wuQiwVsnzsi9d3WxzV3FpWTGA19F621kwdbsAcFKXgKUHZWsy+mY6iL1sHTxWEFCytDA==",
            "dev": true,
            "requires": {
                "balanced-match": "^1.0.0"
            }
        },
        "json": {
            "version": "11.0.0",
            "resolved": "https://registry.npmjs.org/json/-/json-11.0.0.tgz",
            "integrity": "sha512-N/ITv3Yw9Za8cGxuQqSqrq6RHnlaHWZkAFavcfpH/R52522c26EbihMxnY7A1chxfXJ4d+cEFIsyTgfi9GihrA==",
            "dev": true
        },
        "jsonc-parser": {
            "version": "3.2.0",
            "resolved": "https://registry.npmjs.org/jsonc-parser/-/jsonc-parser-3.2.0.tgz",
            "integrity": "sha512-gfFQZrcTc8CnKXp6Y4/CBT3fTc0OVuDofpre4aEeEpSBPV5X5v4+Vmx+8snU7RLPrNHPKSgLxGo9YuQzz20o+w==",
            "dev": true
        },
        "lunr": {
            "version": "2.3.9",
            "resolved": "https://registry.npmjs.org/lunr/-/lunr-2.3.9.tgz",
            "integrity": "sha512-zTU3DaZaF3Rt9rhN3uBMGQD3dD2/vFQqnvZCDv4dl5iOzq2IZQqTxu90r4E5J+nP70J3ilqVCrbho2eWaeW8Ow==",
            "dev": true
        },
        "marked": {
            "version": "4.3.0",
            "resolved": "https://registry.npmjs.org/marked/-/marked-4.3.0.tgz",
            "integrity": "sha512-PRsaiG84bK+AMvxziE/lCFss8juXjNaWzVbN5tXAm4XjeaS9NAHhop+PjQxz2A9h8Q4M/xGmzP8vqNwy6JeK0A==",
            "dev": true
        },
        "minimatch": {
            "version": "9.0.0",
            "resolved": "https://registry.npmjs.org/minimatch/-/minimatch-9.0.0.tgz",
            "integrity": "sha512-0jJj8AvgKqWN05mrwuqi8QYKx1WmYSUoKSxu5Qhs9prezTz10sxAHGNZe9J9cqIJzta8DWsleh2KaVaLl6Ru2w==",
            "dev": true,
            "requires": {
                "brace-expansion": "^2.0.1"
            }
        },
        "shiki": {
            "version": "0.14.1",
            "resolved": "https://registry.npmjs.org/shiki/-/shiki-0.14.1.tgz",
            "integrity": "sha512-+Jz4nBkCBe0mEDqo1eKRcCdjRtrCjozmcbTUjbPTX7OOJfEbTZzlUWlZtGe3Gb5oV1/jnojhG//YZc3rs9zSEw==",
            "dev": true,
            "requires": {
                "ansi-sequence-parser": "^1.1.0",
                "jsonc-parser": "^3.2.0",
                "vscode-oniguruma": "^1.7.0",
                "vscode-textmate": "^8.0.0"
            }
        },
        "typedoc": {
            "version": "0.24.4",
            "resolved": "https://registry.npmjs.org/typedoc/-/typedoc-0.24.4.tgz",
            "integrity": "sha512-vQuliyGhJEGeKzzCFHbkS3m0gHoIL6cfr0fHf6eX658iGELtq2J9mWe0b+X5McEYgFoMuHFt5Py3Zug6Sxjn/Q==",
            "dev": true,
            "requires": {
                "lunr": "^2.3.9",
                "marked": "^4.3.0",
                "minimatch": "^9.0.0",
                "shiki": "^0.14.1"
            }
        },
        "typescript": {
            "version": "5.0.4",
            "resolved": "https://registry.npmjs.org/typescript/-/typescript-5.0.4.tgz",
            "integrity": "sha512-cW9T5W9xY37cc+jfEnaUvX91foxtHkza3Nw3wkoF4sSlKn0MONdkdEndig/qPBWXNkmplh3NzayQzCiHM4/hqw=="
        },
        "vscode-oniguruma": {
            "version": "1.7.0",
            "resolved": "https://registry.npmjs.org/vscode-oniguruma/-/vscode-oniguruma-1.7.0.tgz",
            "integrity": "sha512-L9WMGRfrjOhgHSdOYgCt/yRMsXzLDJSL7BPrOZt73gU0iWO4mpqzqQzOz5srxqTvMBaR0XZTSrVWo4j55Rc6cA==",
            "dev": true
        },
        "vscode-textmate": {
            "version": "8.0.0",
            "resolved": "https://registry.npmjs.org/vscode-textmate/-/vscode-textmate-8.0.0.tgz",
            "integrity": "sha512-AFbieoL7a5LMqcnOF04ji+rpXadgOXnZsxQr//r83kLPr7biP7am3g9zbaZIaBGwBRWeSvoMD4mgPdX3e4NWBg==",
            "dev": true
        }
    }
}
